
Microsoft Visual Studio Solution File, Format Version 12.00
# Visual Studio Version 17
VisualStudioVersion = 17.11.35222.181
MinimumVisualStudioVersion = 10.0.40219.1
Project("{FAE04EC0-301F-11D3-BF4B-00C04F79EFBC}") = "ej1", "ej1\ej1.csproj", "{65713577-0594-4338-AB90-FE81BAB4B6F5}"
EndProject
Project("{FAE04EC0-301F-11D3-BF4B-00C04F79EFBC}") = "ej2", "ej2\ej2.csproj", "{DEB567CE-A765-4673-901D-6A9D7CE29E5E}"
EndProject
Global
	GlobalSection(SolutionConfigurationPlatforms) = preSolution
		Debug|Any CPU = Debug|Any CPU
		Release|Any CPU = Release|Any CPU
	EndGlobalSection
	GlobalSection(ProjectConfigurationPlatforms) = postSolution
		{65713577-0594-4338-AB90-FE81BAB4B6F5}.Debug|Any CPU.ActiveCfg = Debug|Any CPU
		{65713577-0594-4338-AB90-FE81BAB4B6F5}.Debug|Any CPU.Build.0 = Debug|Any CPU
		{65713577-0594-4338-AB90-FE81BAB4B6F5}.Release|Any CPU.ActiveCfg = Release|Any CPU
		{65713577-0594-4338-AB90-FE81BAB4B6F5}.Release|Any CPU.Build.0 = Release|Any CPU
		{DEB567CE-A765-4673-901D-6A9D7CE29E5E}.Debug|Any CPU.ActiveCfg = Debug|Any CPU
		{DEB567CE-A765-4673-901D-6A9D7CE29E5E}.Debug|Any CPU.Build.0 = Debug|Any CPU
		{DEB567CE-A765-4673-901D-6A9D7CE29E5E}.Release|Any CPU.ActiveCfg = Release|Any CPU
		{DEB567CE-A765-4673-901D-6A9D7CE29E5E}.Release|Any CPU.Build.0 = Release|Any CPU
	EndGlobalSection
	GlobalSection(SolutionProperties) = preSolution
		HideSolutionNode = FALSE
	EndGlobalSection
	GlobalSection(ExtensibilityGlobals) = postSolution
		SolutionGuid = {9AC6AC10-92A9-4FB5-9E5B-2AD6D6EDBF92}
	EndGlobalSection
EndGlobal
